
Microsoft Visual Studio Solution File, Format Version 12.00
# Visual Studio Version 17
VisualStudioVersion = 17.8.34322.80
MinimumVisualStudioVersion = 10.0.40219.1
Project("{6EC3EE1D-3C4E-46DD-8F32-0CC8E7565705}") = "PerDiem", "PerDiem\PerDiem.fsproj", "{CDDA1EFC-6625-43D0-A271-EDB0EA9AD7A2}"
EndProject
Project("{6EC3EE1D-3C4E-46DD-8F32-0CC8E7565705}") = "PerDiem.Desktop", "PerDiem.Desktop\PerDiem.Desktop.fsproj", "{BF9F095B-BBF7-4CC5-AEF9-3AFC7FC6F9A0}"
EndProject
Project("{6EC3EE1D-3C4E-46DD-8F32-0CC8E7565705}") = "PerDiem.Browser", "PerDiem.Browser\PerDiem.Browser.fsproj", "{879F380F-93A7-4369-896C-01FE38538AA8}"
EndProject
Global
	GlobalSection(SolutionConfigurationPlatforms) = preSolution
		Debug|Any CPU = Debug|Any CPU
		Release|Any CPU = Release|Any CPU
	EndGlobalSection
	GlobalSection(ProjectConfigurationPlatforms) = postSolution
		{CDDA1EFC-6625-43D0-A271-EDB0EA9AD7A2}.Debug|Any CPU.ActiveCfg = Debug|Any CPU
		{CDDA1EFC-6625-43D0-A271-EDB0EA9AD7A2}.Debug|Any CPU.Build.0 = Debug|Any CPU
		{CDDA1EFC-6625-43D0-A271-EDB0EA9AD7A2}.Release|Any CPU.ActiveCfg = Release|Any CPU
		{CDDA1EFC-6625-43D0-A271-EDB0EA9AD7A2}.Release|Any CPU.Build.0 = Release|Any CPU
		{BF9F095B-BBF7-4CC5-AEF9-3AFC7FC6F9A0}.Debug|Any CPU.ActiveCfg = Debug|Any CPU
		{BF9F095B-BBF7-4CC5-AEF9-3AFC7FC6F9A0}.Debug|Any CPU.Build.0 = Debug|Any CPU
		{BF9F095B-BBF7-4CC5-AEF9-3AFC7FC6F9A0}.Release|Any CPU.ActiveCfg = Release|Any CPU
		{BF9F095B-BBF7-4CC5-AEF9-3AFC7FC6F9A0}.Release|Any CPU.Build.0 = Release|Any CPU
		{879F380F-93A7-4369-896C-01FE38538AA8}.Debug|Any CPU.ActiveCfg = Debug|Any CPU
		{879F380F-93A7-4369-896C-01FE38538AA8}.Debug|Any CPU.Build.0 = Debug|Any CPU
		{879F380F-93A7-4369-896C-01FE38538AA8}.Release|Any CPU.ActiveCfg = Release|Any CPU
		{879F380F-93A7-4369-896C-01FE38538AA8}.Release|Any CPU.Build.0 = Release|Any CPU
	EndGlobalSection
	GlobalSection(SolutionProperties) = preSolution
		HideSolutionNode = FALSE
	EndGlobalSection
	GlobalSection(ExtensibilityGlobals) = postSolution
		SolutionGuid = {A5F9B1CB-94FA-4CC7-80F5-1310079E13B9}
	EndGlobalSection
EndGlobal
